
Microsoft Visual Studio Solution File, Format Version 12.00
# Visual Studio Version 17
VisualStudioVersion = 17.0.31903.59
MinimumVisualStudioVersion = 10.0.40219.1
Project("{FAE04EC0-301F-11D3-BF4B-00C04F79EFBC}") = "DSI.Dominio", "DSI.Dominio\DSI.Dominio.csproj", "{B338FE2E-657A-40C5-8D85-E6220F149977}"
EndProject
Project("{FAE04EC0-301F-11D3-BF4B-00C04F79EFBC}") = "DSI.Aplicacao", "DSI.Aplicacao\DSI.Aplicacao.csproj", "{BFA4F4DC-45B3-4EBA-8C11-A2D25D34E020}"
EndProject
Project("{FAE04EC0-301F-11D3-BF4B-00C04F79EFBC}") = "DSI.Motor", "DSI.Motor\DSI.Motor.csproj", "{8ECB8459-12FA-4E20-8BEB-7DF282D2BBCC}"
EndProject
Project("{FAE04EC0-301F-11D3-BF4B-00C04F79EFBC}") = "DSI.Conectores.Abstracoes", "DSI.Conectores.Abstracoes\DSI.Conectores.Abstracoes.csproj", "{E3A2E038-14EC-4DD3-AF2A-EB447B3A86ED}"
EndProject
Project("{FAE04EC0-301F-11D3-BF4B-00C04F79EFBC}") = "DSI.Conectores.MySql", "DSI.Conectores.MySql\DSI.Conectores.MySql.csproj", "{E7618404-5CE7-4F6C-9363-99DB9EEFE4E1}"
EndProject
Project("{FAE04EC0-301F-11D3-BF4B-00C04F79EFBC}") = "DSI.Conectores.Firebird", "DSI.Conectores.Firebird\DSI.Conectores.Firebird.csproj", "{8B8F9BFC-AA4B-4DA4-94F6-E594E77A502C}"
EndProject
Project("{FAE04EC0-301F-11D3-BF4B-00C04F79EFBC}") = "DSI.Conectores.PostgreSql", "DSI.Conectores.PostgreSql\DSI.Conectores.PostgreSql.csproj", "{9FB4ED04-9B6A-4049-AEAF-8B5DA49567B6}"
EndProject
Project("{FAE04EC0-301F-11D3-BF4B-00C04F79EFBC}") = "DSI.Conectores.SqlServer", "DSI.Conectores.SqlServer\DSI.Conectores.SqlServer.csproj", "{4BECAB8C-F45E-4816-AE08-7CADF158FD39}"
EndProject
Project("{FAE04EC0-301F-11D3-BF4B-00C04F79EFBC}") = "DSI.Conectores.Odbc", "DSI.Conectores.Odbc\DSI.Conectores.Odbc.csproj", "{6A15F381-80EE-49AD-9458-F5A0210A7613}"
EndProject
Project("{FAE04EC0-301F-11D3-BF4B-00C04F79EFBC}") = "DSI.Persistencia", "DSI.Persistencia\DSI.Persistencia.csproj", "{43CC05A7-EF02-491E-BCAF-0A92E2152D79}"
EndProject
Project("{FAE04EC0-301F-11D3-BF4B-00C04F79EFBC}") = "DSI.Seguranca", "DSI.Seguranca\DSI.Seguranca.csproj", "{53FADFB0-C49B-42F6-9838-8FD8DE260777}"
EndProject
Project("{FAE04EC0-301F-11D3-BF4B-00C04F79EFBC}") = "DSI.Logging", "DSI.Logging\DSI.Logging.csproj", "{864E1673-C22C-4CE2-8D2A-9CC245E875C0}"
EndProject
Project("{FAE04EC0-301F-11D3-BF4B-00C04F79EFBC}") = "DSI.Relatorios", "DSI.Relatorios\DSI.Relatorios.csproj", "{BEC43338-605E-4277-A0DC-23FF3FF7C8A7}"
EndProject
Project("{FAE04EC0-301F-11D3-BF4B-00C04F79EFBC}") = "DSI.Desktop", "DSI.Desktop\DSI.Desktop.csproj", "{665BAE14-697F-4B41-B9E6-1D97549E85AE}"
EndProject
Project("{FAE04EC0-301F-11D3-BF4B-00C04F79EFBC}") = "DSI.Testes.Unitarios", "DSI.Testes.Unitarios\DSI.Testes.Unitarios.csproj", "{98296120-E240-4F8E-B568-DA202DF9EBB9}"
EndProject
Project("{FAE04EC0-301F-11D3-BF4B-00C04F79EFBC}") = "DSI.Testes.Integracao", "DSI.Testes.Integracao\DSI.Testes.Integracao.csproj", "{ECF37F9F-0B10-412C-8F22-0D1F71C49AA1}"
EndProject
Global
	GlobalSection(SolutionConfigurationPlatforms) = preSolution
		Debug|Any CPU = Debug|Any CPU
		Debug|x64 = Debug|x64
		Debug|x86 = Debug|x86
		Release|Any CPU = Release|Any CPU
		Release|x64 = Release|x64
		Release|x86 = Release|x86
	EndGlobalSection
	GlobalSection(ProjectConfigurationPlatforms) = postSolution
		{B338FE2E-657A-40C5-8D85-E6220F149977}.Debug|Any CPU.ActiveCfg = Debug|Any CPU
		{B338FE2E-657A-40C5-8D85-E6220F149977}.Debug|Any CPU.Build.0 = Debug|Any CPU
		{B338FE2E-657A-40C5-8D85-E6220F149977}.Debug|x64.ActiveCfg = Debug|Any CPU
		{B338FE2E-657A-40C5-8D85-E6220F149977}.Debug|x64.Build.0 = Debug|Any CPU
		{B338FE2E-657A-40C5-8D85-E6220F149977}.Debug|x86.ActiveCfg = Debug|Any CPU
		{B338FE2E-657A-40C5-8D85-E6220F149977}.Debug|x86.Build.0 = Debug|Any CPU
		{B338FE2E-657A-40C5-8D85-E6220F149977}.Release|Any CPU.ActiveCfg = Release|Any CPU
		{B338FE2E-657A-40C5-8D85-E6220F149977}.Release|Any CPU.Build.0 = Release|Any CPU
		{B338FE2E-657A-40C5-8D85-E6220F149977}.Release|x64.ActiveCfg = Release|Any CPU
		{B338FE2E-657A-40C5-8D85-E6220F149977}.Release|x64.Build.0 = Release|Any CPU
		{B338FE2E-657A-40C5-8D85-E6220F149977}.Release|x86.ActiveCfg = Release|Any CPU
		{B338FE2E-657A-40C5-8D85-E6220F149977}.Release|x86.Build.0 = Release|Any CPU
		{BFA4F4DC-45B3-4EBA-8C11-A2D25D34E020}.Debug|Any CPU.ActiveCfg = Debug|Any CPU
		{BFA4F4DC-45B3-4EBA-8C11-A2D25D34E020}.Debug|Any CPU.Build.0 = Debug|Any CPU
		{BFA4F4DC-45B3-4EBA-8C11-A2D25D34E020}.Debug|x64.ActiveCfg = Debug|Any CPU
		{BFA4F4DC-45B3-4EBA-8C11-A2D25D34E020}.Debug|x64.Build.0 = Debug|Any CPU
		{BFA4F4DC-45B3-4EBA-8C11-A2D25D34E020}.Debug|x86.ActiveCfg = Debug|Any CPU
		{BFA4F4DC-45B3-4EBA-8C11-A2D25D34E020}.Debug|x86.Build.0 = Debug|Any CPU
		{BFA4F4DC-45B3-4EBA-8C11-A2D25D34E020}.Release|Any CPU.ActiveCfg = Release|Any CPU
		{BFA4F4DC-45B3-4EBA-8C11-A2D25D34E020}.Release|Any CPU.Build.0 = Release|Any CPU
		{BFA4F4DC-45B3-4EBA-8C11-A2D25D34E020}.Release|x64.ActiveCfg = Release|Any CPU
		{BFA4F4DC-45B3-4EBA-8C11-A2D25D34E020}.Release|x64.Build.0 = Release|Any CPU
		{BFA4F4DC-45B3-4EBA-8C11-A2D25D34E020}.Release|x86.ActiveCfg = Release|Any CPU
		{BFA4F4DC-45B3-4EBA-8C11-A2D25D34E020}.Release|x86.Build.0 = Release|Any CPU
		{8ECB8459-12FA-4E20-8BEB-7DF282D2BBCC}.Debug|Any CPU.ActiveCfg = Debug|Any CPU
		{8ECB8459-12FA-4E20-8BEB-7DF282D2BBCC}.Debug|Any CPU.Build.0 = Debug|Any CPU
		{8ECB8459-12FA-4E20-8BEB-7DF282D2BBCC}.Debug|x64.ActiveCfg = Debug|Any CPU
		{8ECB8459-12FA-4E20-8BEB-7DF282D2BBCC}.Debug|x64.Build.0 = Debug|Any CPU
		{8ECB8459-12FA-4E20-8BEB-7DF282D2BBCC}.Debug|x86.ActiveCfg = Debug|Any CPU
		{8ECB8459-12FA-4E20-8BEB-7DF282D2BBCC}.Debug|x86.Build.0 = Debug|Any CPU
		{8ECB8459-12FA-4E20-8BEB-7DF282D2BBCC}.Release|Any CPU.ActiveCfg = Release|Any CPU
		{8ECB8459-12FA-4E20-8BEB-7DF282D2BBCC}.Release|Any CPU.Build.0 = Release|Any CPU
		{8ECB8459-12FA-4E20-8BEB-7DF282D2BBCC}.Release|x64.ActiveCfg = Release|Any CPU
		{8ECB8459-12FA-4E20-8BEB-7DF282D2BBCC}.Release|x64.Build.0 = Release|Any CPU
		{8ECB8459-12FA-4E20-8BEB-7DF282D2BBCC}.Release|x86.ActiveCfg = Release|Any CPU
		{8ECB8459-12FA-4E20-8BEB-7DF282D2BBCC}.Release|x86.Build.0 = Release|Any CPU
		{E3A2E038-14EC-4DD3-AF2A-EB447B3A86ED}.Debug|Any CPU.ActiveCfg = Debug|Any CPU
		{E3A2E038-14EC-4DD3-AF2A-EB447B3A86ED}.Debug|Any CPU.Build.0 = Debug|Any CPU
		{E3A2E038-14EC-4DD3-AF2A-EB447B3A86ED}.Debug|x64.ActiveCfg = Debug|Any CPU
		{E3A2E038-14EC-4DD3-AF2A-EB447B3A86ED}.Debug|x64.Build.0 = Debug|Any CPU
		{E3A2E038-14EC-4DD3-AF2A-EB447B3A86ED}.Debug|x86.ActiveCfg = Debug|Any CPU
		{E3A2E038-14EC-4DD3-AF2A-EB447B3A86ED}.Debug|x86.Build.0 = Debug|Any CPU
		{E3A2E038-14EC-4DD3-AF2A-EB447B3A86ED}.Release|Any CPU.ActiveCfg = Release|Any CPU
		{E3A2E038-14EC-4DD3-AF2A-EB447B3A86ED}.Release|Any CPU.Build.0 = Release|Any CPU
		{E3A2E038-14EC-4DD3-AF2A-EB447B3A86ED}.Release|x64.ActiveCfg = Release|Any CPU
		{E3A2E038-14EC-4DD3-AF2A-EB447B3A86ED}.Release|x64.Build.0 = Release|Any CPU
		{E3A2E038-14EC-4DD3-AF2A-EB447B3A86ED}.Release|x86.ActiveCfg = Release|Any CPU
		{E3A2E038-14EC-4DD3-AF2A-EB447B3A86ED}.Release|x86.Build.0 = Release|Any CPU
		{E7618404-5CE7-4F6C-9363-99DB9EEFE4E1}.Debug|Any CPU.ActiveCfg = Debug|Any CPU
		{E7618404-5CE7-4F6C-9363-99DB9EEFE4E1}.Debug|Any CPU.Build.0 = Debug|Any CPU
		{E7618404-5CE7-4F6C-9363-99DB9EEFE4E1}.Debug|x64.ActiveCfg = Debug|Any CPU
		{E7618404-5CE7-4F6C-9363-99DB9EEFE4E1}.Debug|x64.Build.0 = Debug|Any CPU
		{E7618404-5CE7-4F6C-9363-99DB9EEFE4E1}.Debug|x86.ActiveCfg = Debug|Any CPU
		{E7618404-5CE7-4F6C-9363-99DB9EEFE4E1}.Debug|x86.Build.0 = Debug|Any CPU
		{E7618404-5CE7-4F6C-9363-99DB9EEFE4E1}.Release|Any CPU.ActiveCfg = Release|Any CPU
		{E7618404-5CE7-4F6C-9363-99DB9EEFE4E1}.Release|Any CPU.Build.0 = Release|Any CPU
		{E7618404-5CE7-4F6C-9363-99DB9EEFE4E1}.Release|x64.ActiveCfg = Release|Any CPU
		{E7618404-5CE7-4F6C-9363-99DB9EEFE4E1}.Release|x64.Build.0 = Release|Any CPU
		{E7618404-5CE7-4F6C-9363-99DB9EEFE4E1}.Release|x86.ActiveCfg = Release|Any CPU
		{E7618404-5CE7-4F6C-9363-99DB9EEFE4E1}.Release|x86.Build.0 = Release|Any CPU
		{8B8F9BFC-AA4B-4DA4-94F6-E594E77A502C}.Debug|Any CPU.ActiveCfg = Debug|Any CPU
		{8B8F9BFC-AA4B-4DA4-94F6-E594E77A502C}.Debug|Any CPU.Build.0 = Debug|Any CPU
		{8B8F9BFC-AA4B-4DA4-94F6-E594E77A502C}.Debug|x64.ActiveCfg = Debug|Any CPU
		{8B8F9BFC-AA4B-4DA4-94F6-E594E77A502C}.Debug|x64.Build.0 = Debug|Any CPU
		{8B8F9BFC-AA4B-4DA4-94F6-E594E77A502C}.Debug|x86.ActiveCfg = Debug|Any CPU
		{8B8F9BFC-AA4B-4DA4-94F6-E594E77A502C}.Debug|x86.Build.0 = Debug|Any CPU
		{8B8F9BFC-AA4B-4DA4-94F6-E594E77A502C}.Release|Any CPU.ActiveCfg = Release|Any CPU
		{8B8F9BFC-AA4B-4DA4-94F6-E594E77A502C}.Release|Any CPU.Build.0 = Release|Any CPU
		{8B8F9BFC-AA4B-4DA4-94F6-E594E77A502C}.Release|x64.ActiveCfg = Release|Any CPU
		{8B8F9BFC-AA4B-4DA4-94F6-E594E77A502C}.Release|x64.Build.0 = Release|Any CPU
		{8B8F9BFC-AA4B-4DA4-94F6-E594E77A502C}.Release|x86.ActiveCfg = Release|Any CPU
		{8B8F9BFC-AA4B-4DA4-94F6-E594E77A502C}.Release|x86.Build.0 = Release|Any CPU
		{9FB4ED04-9B6A-4049-AEAF-8B5DA49567B6}.Debug|Any CPU.ActiveCfg = Debug|Any CPU
		{9FB4ED04-9B6A-4049-AEAF-8B5DA49567B6}.Debug|Any CPU.Build.0 = Debug|Any CPU
		{9FB4ED04-9B6A-4049-AEAF-8B5DA49567B6}.Debug|x64.ActiveCfg = Debug|Any CPU
		{9FB4ED04-9B6A-4049-AEAF-8B5DA49567B6}.Debug|x64.Build.0 = Debug|Any CPU
		{9FB4ED04-9B6A-4049-AEAF-8B5DA49567B6}.Debug|x86.ActiveCfg = Debug|Any CPU
		{9FB4ED04-9B6A-4049-AEAF-8B5DA49567B6}.Debug|x86.Build.0 = Debug|Any CPU
		{9FB4ED04-9B6A-4049-AEAF-8B5DA49567B6}.Release|Any CPU.ActiveCfg = Release|Any CPU
		{9FB4ED04-9B6A-4049-AEAF-8B5DA49567B6}.Release|Any CPU.Build.0 = Release|Any CPU
		{9FB4ED04-9B6A-4049-AEAF-8B5DA49567B6}.Release|x64.ActiveCfg = Release|Any CPU
		{9FB4ED04-9B6A-4049-AEAF-8B5DA49567B6}.Release|x64.Build.0 = Release|Any CPU
		{9FB4ED04-9B6A-4049-AEAF-8B5DA49567B6}.Release|x86.ActiveCfg = Release|Any CPU
		{9FB4ED04-9B6A-4049-AEAF-8B5DA49567B6}.Release|x86.Build.0 = Release|Any CPU
		{4BECAB8C-F45E-4816-AE08-7CADF158FD39}.Debug|Any CPU.ActiveCfg = Debug|Any CPU
		{4BECAB8C-F45E-4816-AE08-7CADF158FD39}.Debug|Any CPU.Build.0 = Debug|Any CPU
		{4BECAB8C-F45E-4816-AE08-7CADF158FD39}.Debug|x64.ActiveCfg = Debug|Any CPU
		{4BECAB8C-F45E-4816-AE08-7CADF158FD39}.Debug|x64.Build.0 = Debug|Any CPU
		{4BECAB8C-F45E-4816-AE08-7CADF158FD39}.Debug|x86.ActiveCfg = Debug|Any CPU
		{4BECAB8C-F45E-4816-AE08-7CADF158FD39}.Debug|x86.Build.0 = Debug|Any CPU
		{4BECAB8C-F45E-4816-AE08-7CADF158FD39}.Release|Any CPU.ActiveCfg = Release|Any CPU
		{4BECAB8C-F45E-4816-AE08-7CADF158FD39}.Release|Any CPU.Build.0 = Release|Any CPU
		{4BECAB8C-F45E-4816-AE08-7CADF158FD39}.Release|x64.ActiveCfg = Release|Any CPU
		{4BECAB8C-F45E-4816-AE08-7CADF158FD39}.Release|x64.Build.0 = Release|Any CPU
		{4BECAB8C-F45E-4816-AE08-7CADF158FD39}.Release|x86.ActiveCfg = Release|Any CPU
		{4BECAB8C-F45E-4816-AE08-7CADF158FD39}.Release|x86.Build.0 = Release|Any CPU
		{6A15F381-80EE-49AD-9458-F5A0210A7613}.Debug|Any CPU.ActiveCfg = Debug|Any CPU
		{6A15F381-80EE-49AD-9458-F5A0210A7613}.Debug|Any CPU.Build.0 = Debug|Any CPU
		{6A15F381-80EE-49AD-9458-F5A0210A7613}.Debug|x64.ActiveCfg = Debug|Any CPU
		{6A15F381-80EE-49AD-9458-F5A0210A7613}.Debug|x64.Build.0 = Debug|Any CPU
		{6A15F381-80EE-49AD-9458-F5A0210A7613}.Debug|x86.ActiveCfg = Debug|Any CPU
		{6A15F381-80EE-49AD-9458-F5A0210A7613}.Debug|x86.Build.0 = Debug|Any CPU
		{6A15F381-80EE-49AD-9458-F5A0210A7613}.Release|Any CPU.ActiveCfg = Release|Any CPU
		{6A15F381-80EE-49AD-9458-F5A0210A7613}.Release|Any CPU.Build.0 = Release|Any CPU
		{6A15F381-80EE-49AD-9458-F5A0210A7613}.Release|x64.ActiveCfg = Release|Any CPU
		{6A15F381-80EE-49AD-9458-F5A0210A7613}.Release|x64.Build.0 = Release|Any CPU
		{6A15F381-80EE-49AD-9458-F5A0210A7613}.Release|x86.ActiveCfg = Release|Any CPU
		{6A15F381-80EE-49AD-9458-F5A0210A7613}.Release|x86.Build.0 = Release|Any CPU
		{43CC05A7-EF02-491E-BCAF-0A92E2152D79}.Debug|Any CPU.ActiveCfg = Debug|Any CPU
		{43CC05A7-EF02-491E-BCAF-0A92E2152D79}.Debug|Any CPU.Build.0 = Debug|Any CPU
		{43CC05A7-EF02-491E-BCAF-0A92E2152D79}.Debug|x64.ActiveCfg = Debug|Any CPU
		{43CC05A7-EF02-491E-BCAF-0A92E2152D79}.Debug|x64.Build.0 = Debug|Any CPU
		{43CC05A7-EF02-491E-BCAF-0A92E2152D79}.Debug|x86.ActiveCfg = Debug|Any CPU
		{43CC05A7-EF02-491E-BCAF-0A92E2152D79}.Debug|x86.Build.0 = Debug|Any CPU
		{43CC05A7-EF02-491E-BCAF-0A92E2152D79}.Release|Any CPU.ActiveCfg = Release|Any CPU
		{43CC05A7-EF02-491E-BCAF-0A92E2152D79}.Release|Any CPU.Build.0 = Release|Any CPU
		{43CC05A7-EF02-491E-BCAF-0A92E2152D79}.Release|x64.ActiveCfg = Release|Any CPU
		{43CC05A7-EF02-491E-BCAF-0A92E2152D79}.Release|x64.Build.0 = Release|Any CPU
		{43CC05A7-EF02-491E-BCAF-0A92E2152D79}.Release|x86.ActiveCfg = Release|Any CPU
		{43CC05A7-EF02-491E-BCAF-0A92E2152D79}.Release|x86.Build.0 = Release|Any CPU
		{53FADFB0-C49B-42F6-9838-8FD8DE260777}.Debug|Any CPU.ActiveCfg = Debug|Any CPU
		{53FADFB0-C49B-42F6-9838-8FD8DE260777}.Debug|Any CPU.Build.0 = Debug|Any CPU
		{53FADFB0-C49B-42F6-9838-8FD8DE260777}.Debug|x64.ActiveCfg = Debug|Any CPU
		{53FADFB0-C49B-42F6-9838-8FD8DE260777}.Debug|x64.Build.0 = Debug|Any CPU
		{53FADFB0-C49B-42F6-9838-8FD8DE260777}.Debug|x86.ActiveCfg = Debug|Any CPU
		{53FADFB0-C49B-42F6-9838-8FD8DE260777}.Debug|x86.Build.0 = Debug|Any CPU
		{53FADFB0-C49B-42F6-9838-8FD8DE260777}.Release|Any CPU.ActiveCfg = Release|Any CPU
		{53FADFB0-C49B-42F6-9838-8FD8DE260777}.Release|Any CPU.Build.0 = Release|Any CPU
		{53FADFB0-C49B-42F6-9838-8FD8DE260777}.Release|x64.ActiveCfg = Release|Any CPU
		{53FADFB0-C49B-42F6-9838-8FD8DE260777}.Release|x64.Build.0 = Release|Any CPU
		{53FADFB0-C49B-42F6-9838-8FD8DE260777}.Release|x86.ActiveCfg = Release|Any CPU
		{53FADFB0-C49B-42F6-9838-8FD8DE260777}.Release|x86.Build.0 = Release|Any CPU
		{864E1673-C22C-4CE2-8D2A-9CC245E875C0}.Debug|Any CPU.ActiveCfg = Debug|Any CPU
		{864E1673-C22C-4CE2-8D2A-9CC245E875C0}.Debug|Any CPU.Build.0 = Debug|Any CPU
		{864E1673-C22C-4CE2-8D2A-9CC245E875C0}.Debug|x64.ActiveCfg = Debug|Any CPU
		{864E1673-C22C-4CE2-8D2A-9CC245E875C0}.Debug|x64.Build.0 = Debug|Any CPU
		{864E1673-C22C-4CE2-8D2A-9CC245E875C0}.Debug|x86.ActiveCfg = Debug|Any CPU
		{864E1673-C22C-4CE2-8D2A-9CC245E875C0}.Debug|x86.Build.0 = Debug|Any CPU
		{864E1673-C22C-4CE2-8D2A-9CC245E875C0}.Release|Any CPU.ActiveCfg = Release|Any CPU
		{864E1673-C22C-4CE2-8D2A-9CC245E875C0}.Release|Any CPU.Build.0 = Release|Any CPU
		{864E1673-C22C-4CE2-8D2A-9CC245E875C0}.Release|x64.ActiveCfg = Release|Any CPU
		{864E1673-C22C-4CE2-8D2A-9CC245E875C0}.Release|x64.Build.0 = Release|Any CPU
		{864E1673-C22C-4CE2-8D2A-9CC245E875C0}.Release|x86.ActiveCfg = Release|Any CPU
		{864E1673-C22C-4CE2-8D2A-9CC245E875C0}.Release|x86.Build.0 = Release|Any CPU
		{BEC43338-605E-4277-A0DC-23FF3FF7C8A7}.Debug|Any CPU.ActiveCfg = Debug|Any CPU
		{BEC43338-605E-4277-A0DC-23FF3FF7C8A7}.Debug|Any CPU.Build.0 = Debug|Any CPU
		{BEC43338-605E-4277-A0DC-23FF3FF7C8A7}.Debug|x64.ActiveCfg = Debug|Any CPU
		{BEC43338-605E-4277-A0DC-23FF3FF7C8A7}.Debug|x64.Build.0 = Debug|Any CPU
		{BEC43338-605E-4277-A0DC-23FF3FF7C8A7}.Debug|x86.ActiveCfg = Debug|Any CPU
		{BEC43338-605E-4277-A0DC-23FF3FF7C8A7}.Debug|x86.Build.0 = Debug|Any CPU
		{BEC43338-605E-4277-A0DC-23FF3FF7C8A7}.Release|Any CPU.ActiveCfg = Release|Any CPU
		{BEC43338-605E-4277-A0DC-23FF3FF7C8A7}.Release|Any CPU.Build.0 = Release|Any CPU
		{BEC43338-605E-4277-A0DC-23FF3FF7C8A7}.Release|x64.ActiveCfg = Release|Any CPU
		{BEC43338-605E-4277-A0DC-23FF3FF7C8A7}.Release|x64.Build.0 = Release|Any CPU
		{BEC43338-605E-4277-A0DC-23FF3FF7C8A7}.Release|x86.ActiveCfg = Release|Any CPU
		{BEC43338-605E-4277-A0DC-23FF3FF7C8A7}.Release|x86.Build.0 = Release|Any CPU
		{665BAE14-697F-4B41-B9E6-1D97549E85AE}.Debug|Any CPU.ActiveCfg = Debug|Any CPU
		{665BAE14-697F-4B41-B9E6-1D97549E85AE}.Debug|Any CPU.Build.0 = Debug|Any CPU
		{665BAE14-697F-4B41-B9E6-1D97549E85AE}.Debug|x64.ActiveCfg = Debug|Any CPU
		{665BAE14-697F-4B41-B9E6-1D97549E85AE}.Debug|x64.Build.0 = Debug|Any CPU
		{665BAE14-697F-4B41-B9E6-1D97549E85AE}.Debug|x86.ActiveCfg = Debug|Any CPU
		{665BAE14-697F-4B41-B9E6-1D97549E85AE}.Debug|x86.Build.0 = Debug|Any CPU
		{665BAE14-697F-4B41-B9E6-1D97549E85AE}.Release|Any CPU.ActiveCfg = Release|Any CPU
		{665BAE14-697F-4B41-B9E6-1D97549E85AE}.Release|Any CPU.Build.0 = Release|Any CPU
		{665BAE14-697F-4B41-B9E6-1D97549E85AE}.Release|x64.ActiveCfg = Release|Any CPU
		{665BAE14-697F-4B41-B9E6-1D97549E85AE}.Release|x64.Build.0 = Release|Any CPU
		{665BAE14-697F-4B41-B9E6-1D97549E85AE}.Release|x86.ActiveCfg = Release|Any CPU
		{665BAE14-697F-4B41-B9E6-1D97549E85AE}.Release|x86.Build.0 = Release|Any CPU
		{98296120-E240-4F8E-B568-DA202DF9EBB9}.Debug|Any CPU.ActiveCfg = Debug|Any CPU
		{98296120-E240-4F8E-B568-DA202DF9EBB9}.Debug|Any CPU.Build.0 = Debug|Any CPU
		{98296120-E240-4F8E-B568-DA202DF9EBB9}.Debug|x64.ActiveCfg = Debug|Any CPU
		{98296120-E240-4F8E-B568-DA202DF9EBB9}.Debug|x64.Build.0 = Debug|Any CPU
		{98296120-E240-4F8E-B568-DA202DF9EBB9}.Debug|x86.ActiveCfg = Debug|Any CPU
		{98296120-E240-4F8E-B568-DA202DF9EBB9}.Debug|x86.Build.0 = Debug|Any CPU
		{98296120-E240-4F8E-B568-DA202DF9EBB9}.Release|Any CPU.ActiveCfg = Release|Any CPU
		{98296120-E240-4F8E-B568-DA202DF9EBB9}.Release|Any CPU.Build.0 = Release|Any CPU
		{98296120-E240-4F8E-B568-DA202DF9EBB9}.Release|x64.ActiveCfg = Release|Any CPU
		{98296120-E240-4F8E-B568-DA202DF9EBB9}.Release|x64.Build.0 = Release|Any CPU
		{98296120-E240-4F8E-B568-DA202DF9EBB9}.Release|x86.ActiveCfg = Release|Any CPU
		{98296120-E240-4F8E-B568-DA202DF9EBB9}.Release|x86.Build.0 = Release|Any CPU
		{ECF37F9F-0B10-412C-8F22-0D1F71C49AA1}.Debug|Any CPU.ActiveCfg = Debug|Any CPU
		{ECF37F9F-0B10-412C-8F22-0D1F71C49AA1}.Debug|Any CPU.Build.0 = Debug|Any CPU
		{ECF37F9F-0B10-412C-8F22-0D1F71C49AA1}.Debug|x64.ActiveCfg = Debug|Any CPU
		{ECF37F9F-0B10-412C-8F22-0D1F71C49AA1}.Debug|x64.Build.0 = Debug|Any CPU
		{ECF37F9F-0B10-412C-8F22-0D1F71C49AA1}.Debug|x86.ActiveCfg = Debug|Any CPU
		{ECF37F9F-0B10-412C-8F22-0D1F71C49AA1}.Debug|x86.Build.0 = Debug|Any CPU
		{ECF37F9F-0B10-412C-8F22-0D1F71C49AA1}.Release|Any CPU.ActiveCfg = Release|Any CPU
		{ECF37F9F-0B10-412C-8F22-0D1F71C49AA1}.Release|Any CPU.Build.0 = Release|Any CPU
		{ECF37F9F-0B10-412C-8F22-0D1F71C49AA1}.Release|x64.ActiveCfg = Release|Any CPU
		{ECF37F9F-0B10-412C-8F22-0D1F71C49AA1}.Release|x64.Build.0 = Release|Any CPU
		{ECF37F9F-0B10-412C-8F22-0D1F71C49AA1}.Release|x86.ActiveCfg = Release|Any CPU
		{ECF37F9F-0B10-412C-8F22-0D1F71C49AA1}.Release|x86.Build.0 = Release|Any CPU
	EndGlobalSection
	GlobalSection(SolutionProperties) = preSolution
		HideSolutionNode = FALSE
	EndGlobalSection
EndGlobal
